
Microsoft Visual Studio Solution File, Format Version 12.00
# Visual Studio 15
VisualStudioVersion = 15.0.27130.2020
MinimumVisualStudioVersion = 10.0.40219.1
Project("{FAE04EC0-301F-11D3-BF4B-00C04F79EFBC}") = "AssetDBEmailFunction", "AssetDBEmailFunction\AssetDBEmailFunction.csproj", "{EE68B6D8-014B-4A79-BED8-17245B15AA4C}"
EndProject
Global
	GlobalSection(SolutionConfigurationPlatforms) = preSolution
		Debug|Any CPU = Debug|Any CPU
		Release|Any CPU = Release|Any CPU
	EndGlobalSection
	GlobalSection(ProjectConfigurationPlatforms) = postSolution
		{EE68B6D8-014B-4A79-BED8-17245B15AA4C}.Debug|Any CPU.ActiveCfg = Debug|Any CPU
		{EE68B6D8-014B-4A79-BED8-17245B15AA4C}.Debug|Any CPU.Build.0 = Debug|Any CPU
		{EE68B6D8-014B-4A79-BED8-17245B15AA4C}.Release|Any CPU.ActiveCfg = Release|Any CPU
		{EE68B6D8-014B-4A79-BED8-17245B15AA4C}.Release|Any CPU.Build.0 = Release|Any CPU
	EndGlobalSection
	GlobalSection(SolutionProperties) = preSolution
		HideSolutionNode = FALSE
	EndGlobalSection
	GlobalSection(ExtensibilityGlobals) = postSolution
		SolutionGuid = {DF0D14A0-2DA8-4389-914C-375FFC475472}
	EndGlobalSection
EndGlobal
